
Microsoft Visual Studio Solution File, Format Version 12.00
Project("{FAE04EC0-301F-11D3-BF4B-00C04F79EFBC}") = "TP1-QDev", "TP1-QDev\TP1-QDev.csproj", "{FAEF2A1E-B606-4723-95BF-3144177A5898}"
EndProject
Global
	GlobalSection(SolutionConfigurationPlatforms) = preSolution
		Debug|Any CPU = Debug|Any CPU
		Release|Any CPU = Release|Any CPU
	EndGlobalSection
	GlobalSection(ProjectConfigurationPlatforms) = postSolution
		{FAEF2A1E-B606-4723-95BF-3144177A5898}.Debug|Any CPU.ActiveCfg = Debug|Any CPU
		{FAEF2A1E-B606-4723-95BF-3144177A5898}.Debug|Any CPU.Build.0 = Debug|Any CPU
		{FAEF2A1E-B606-4723-95BF-3144177A5898}.Release|Any CPU.ActiveCfg = Release|Any CPU
		{FAEF2A1E-B606-4723-95BF-3144177A5898}.Release|Any CPU.Build.0 = Release|Any CPU
	EndGlobalSection
EndGlobal
